// !$*UTF8*$!
{
	archiveVersion = 1;
	classes = {
	};
	objectVersion = 50;
	objects = {

/* Begin PBXBuildFile section */
		3577B14227EC416100E42118 /* AppDelegate.swift in Sources */ = {isa = PBXBuildFile; fileRef = 3577B14127EC416100E42118 /* AppDelegate.swift */; };
		3577B14427EC416100E42118 /* SceneDelegate.swift in Sources */ = {isa = PBXBuildFile; fileRef = 3577B14327EC416100E42118 /* SceneDelegate.swift */; };
		3577B14B27EC416C00E42118 /* Assets.xcassets in Resources */ = {isa = PBXBuildFile; fileRef = 3577B14A27EC416C00E42118 /* Assets.xcassets */; };
		3577B14E27EC416C00E42118 /* LaunchScreen.storyboard in Resources */ = {isa = PBXBuildFile; fileRef = 3577B14C27EC416C00E42118 /* LaunchScreen.storyboard */; };
		35921A7D27EC6A0400835EB6 /* MainViewController.swift in Sources */ = {isa = PBXBuildFile; fileRef = 35921A7C27EC6A0400835EB6 /* MainViewController.swift */; };
		35921A8227EC74BC00835EB6 /* ArhitectureModel.swift in Sources */ = {isa = PBXBuildFile; fileRef = 35921A8127EC74BC00835EB6 /* ArhitectureModel.swift */; };
		35921A8527EC752200835EB6 /* MainPresenter.swift in Sources */ = {isa = PBXBuildFile; fileRef = 35921A8427EC752200835EB6 /* MainPresenter.swift */; };
		35921A8A27EC78CA00835EB6 /* NetworkService.swift in Sources */ = {isa = PBXBuildFile; fileRef = 35921A8927EC78CA00835EB6 /* NetworkService.swift */; };
		35921A8E27EC7C5700835EB6 /* ModuleBuilderManager.swift in Sources */ = {isa = PBXBuildFile; fileRef = 35921A8D27EC7C5700835EB6 /* ModuleBuilderManager.swift */; };
/* End PBXBuildFile section */

/* Begin PBXFileReference section */
		3577B13E27EC416100E42118 /* ToDoList-MVC, MVVM, MVP, VIPER, Clean Swift.app */ = {isa = PBXFileReference; explicitFileType = wrapper.application; includeInIndex = 0; path = "ToDoList-MVC, MVVM, MVP, VIPER, Clean Swift.app"; sourceTree = BUILT_PRODUCTS_DIR; };
		3577B14127EC416100E42118 /* AppDelegate.swift */ = {isa = PBXFileReference; lastKnownFileType = sourcecode.swift; path = AppDelegate.swift; sourceTree = "<group>"; };
		3577B14327EC416100E42118 /* SceneDelegate.swift */ = {isa = PBXFileReference; lastKnownFileType = sourcecode.swift; path = SceneDelegate.swift; sourceTree = "<group>"; };
		3577B14A27EC416C00E42118 /* Assets.xcassets */ = {isa = PBXFileReference; lastKnownFileType = folder.assetcatalog; path = Assets.xcassets; sourceTree = "<group>"; };
		3577B14D27EC416C00E42118 /* Base */ = {isa = PBXFileReference; lastKnownFileType = file.storyboard; name = Base; path = Base.lproj/LaunchScreen.storyboard; sourceTree = "<group>"; };
		3577B14F27EC416C00E42118 /* Info.plist */ = {isa = PBXFileReference; lastKnownFileType = text.plist.xml; path = Info.plist; sourceTree = "<group>"; };
		35921A7C27EC6A0400835EB6 /* MainViewController.swift */ = {isa = PBXFileReference; lastKnownFileType = sourcecode.swift; path = MainViewController.swift; sourceTree = "<group>"; };
		35921A8127EC74BC00835EB6 /* ArhitectureModel.swift */ = {isa = PBXFileReference; lastKnownFileType = sourcecode.swift; path = ArhitectureModel.swift; sourceTree = "<group>"; };
		35921A8427EC752200835EB6 /* MainPresenter.swift */ = {isa = PBXFileReference; lastKnownFileType = sourcecode.swift; path = MainPresenter.swift; sourceTree = "<group>"; };
		35921A8927EC78CA00835EB6 /* NetworkService.swift */ = {isa = PBXFileReference; lastKnownFileType = sourcecode.swift; path = NetworkService.swift; sourceTree = "<group>"; };
		35921A8D27EC7C5700835EB6 /* ModuleBuilderManager.swift */ = {isa = PBXFileReference; lastKnownFileType = sourcecode.swift; path = ModuleBuilderManager.swift; sourceTree = "<group>"; };
/* End PBXFileReference section */

/* Begin PBXFrameworksBuildPhase section */
		3577B13B27EC416100E42118 /* Frameworks */ = {
			isa = PBXFrameworksBuildPhase;
			buildActionMask = 2147483647;
			files = (
			);
			runOnlyForDeploymentPostprocessing = 0;
		};
/* End PBXFrameworksBuildPhase section */

/* Begin PBXGroup section */
		3577B13527EC416100E42118 = {
			isa = PBXGroup;
			children = (
				3577B14027EC416100E42118 /* ToDoList-MVC, MVVM, MVP, VIPER, Clean Swift */,
				3577B13F27EC416100E42118 /* Products */,
			);
			sourceTree = "<group>";
		};
		3577B13F27EC416100E42118 /* Products */ = {
			isa = PBXGroup;
			children = (
				3577B13E27EC416100E42118 /* ToDoList-MVC, MVVM, MVP, VIPER, Clean Swift.app */,
			);
			name = Products;
			sourceTree = "<group>";
		};
		3577B14027EC416100E42118 /* ToDoList-MVC, MVVM, MVP, VIPER, Clean Swift */ = {
			isa = PBXGroup;
			children = (
				35921A7F27EC6BE400835EB6 /* App */,
				35921A8827EC78A600835EB6 /* Managers */,
				35921A7627EC695D00835EB6 /* Modules */,
				3577B14A27EC416C00E42118 /* Assets.xcassets */,
				3577B14C27EC416C00E42118 /* LaunchScreen.storyboard */,
				3577B14F27EC416C00E42118 /* Info.plist */,
			);
			path = "ToDoList-MVC, MVVM, MVP, VIPER, Clean Swift";
			sourceTree = "<group>";
		};
		35921A7527EC694E00835EB6 /* Main */ = {
			isa = PBXGroup;
			children = (
				35921A8127EC74BC00835EB6 /* ArhitectureModel.swift */,
				35921A7C27EC6A0400835EB6 /* MainViewController.swift */,
				35921A8427EC752200835EB6 /* MainPresenter.swift */,
			);
			path = Main;
			sourceTree = "<group>";
		};
		35921A7627EC695D00835EB6 /* Modules */ = {
			isa = PBXGroup;
			children = (
				35921A7527EC694E00835EB6 /* Main */,
			);
			path = Modules;
			sourceTree = "<group>";
		};
		35921A7F27EC6BE400835EB6 /* App */ = {
			isa = PBXGroup;
			children = (
				3577B14127EC416100E42118 /* AppDelegate.swift */,
				3577B14327EC416100E42118 /* SceneDelegate.swift */,
			);
			path = App;
			sourceTree = "<group>";
		};
		35921A8827EC78A600835EB6 /* Managers */ = {
			isa = PBXGroup;
			children = (
				35921A8927EC78CA00835EB6 /* NetworkService.swift */,
				35921A8D27EC7C5700835EB6 /* ModuleBuilderManager.swift */,
			);
			path = Managers;
			sourceTree = "<group>";
		};
/* End PBXGroup section */

/* Begin PBXNativeTarget section */
		3577B13D27EC416100E42118 /* ToDoList-MVC, MVVM, MVP, VIPER, Clean Swift */ = {
			isa = PBXNativeTarget;
			buildConfigurationList = 3577B15227EC416C00E42118 /* Build configuration list for PBXNativeTarget "ToDoList-MVC, MVVM, MVP, VIPER, Clean Swift" */;
			buildPhases = (
				3577B13A27EC416100E42118 /* Sources */,
				3577B13B27EC416100E42118 /* Frameworks */,
				3577B13C27EC416100E42118 /* Resources */,
			);
			buildRules = (
			);
			dependencies = (
			);
			name = "ToDoList-MVC, MVVM, MVP, VIPER, Clean Swift";
			productName = "ToDoList-MVC, MVVM, MVP, VIPER, Clean Swift";
			productReference = 3577B13E27EC416100E42118 /* ToDoList-MVC, MVVM, MVP, VIPER, Clean Swift.app */;
			productType = "com.apple.product-type.application";
		};
/* End PBXNativeTarget section */

/* Begin PBXProject section */
		3577B13627EC416100E42118 /* Project object */ = {
			isa = PBXProject;
			attributes = {
				LastSwiftUpdateCheck = 1240;
				LastUpgradeCheck = 1240;
				TargetAttributes = {
					3577B13D27EC416100E42118 = {
						CreatedOnToolsVersion = 12.4;
					};
				};
			};
			buildConfigurationList = 3577B13927EC416100E42118 /* Build configuration list for PBXProject "ToDoList-MVC, MVVM, MVP, VIPER, Clean Swift" */;
			compatibilityVersion = "Xcode 9.3";
			developmentRegion = en;
			hasScannedForEncodings = 0;
			knownRegions = (
				en,
				Base,
			);
			mainGroup = 3577B13527EC416100E42118;
			productRefGroup = 3577B13F27EC416100E42118 /* Products */;
			projectDirPath = "";
			projectRoot = "";
			targets = (
				3577B13D27EC416100E42118 /* ToDoList-MVC, MVVM, MVP, VIPER, Clean Swift */,
			);
		};
/* End PBXProject section */

/* Begin PBXResourcesBuildPhase section */
		3577B13C27EC416100E42118 /* Resources */ = {
			isa = PBXResourcesBuildPhase;
			buildActionMask = 2147483647;
			files = (
				3577B14E27EC416C00E42118 /* LaunchScreen.storyboard in Resources */,
				3577B14B27EC416C00E42118 /* Assets.xcassets in Resources */,
			);
			runOnlyForDeploymentPostprocessing = 0;
		};
/* End PBXResourcesBuildPhase section */

/* Begin PBXSourcesBuildPhase section */
		3577B13A27EC416100E42118 /* Sources */ = {
			isa = PBXSourcesBuildPhase;
			buildActionMask = 2147483647;
			files = (
				35921A8527EC752200835EB6 /* MainPresenter.swift in Sources */,
				3577B14227EC416100E42118 /* AppDelegate.swift in Sources */,
				35921A8227EC74BC00835EB6 /* ArhitectureModel.swift in Sources */,
				3577B14427EC416100E42118 /* SceneDelegate.swift in Sources */,
				35921A8E27EC7C5700835EB6 /* ModuleBuilderManager.swift in Sources */,
				35921A7D27EC6A0400835EB6 /* MainViewController.swift in Sources */,
				35921A8A27EC78CA00835EB6 /* NetworkService.swift in Sources */,
			);
			runOnlyForDeploymentPostprocessing = 0;
		};
/* End PBXSourcesBuildPhase section */

/* Begin PBXVariantGroup section */
		3577B14C27EC416C00E42118 /* LaunchScreen.storyboard */ = {
			isa = PBXVariantGroup;
			children = (
				3577B14D27EC416C00E42118 /* Base */,
			);
			name = LaunchScreen.storyboard;
			sourceTree = "<group>";
		};
/* End PBXVariantGroup section */

/* Begin XCBuildConfiguration section */
		3577B15027EC416C00E42118 /* Debug */ = {
			isa = XCBuildConfiguration;
			buildSettings = {
				ALWAYS_SEARCH_USER_PATHS = NO;
				CLANG_ANALYZER_NONNULL = YES;
				CLANG_ANALYZER_NUMBER_OBJECT_CONVERSION = YES_AGGRESSIVE;
				CLANG_CXX_LANGUAGE_STANDARD = "gnu++14";
				CLANG_CXX_LIBRARY = "libc++";
				CLANG_ENABLE_MODULES = YES;
				CLANG_ENABLE_OBJC_ARC = YES;
				CLANG_ENABLE_OBJC_WEAK = YES;
				CLANG_WARN_BLOCK_CAPTURE_AUTORELEASING = YES;
				CLANG_WARN_BOOL_CONVERSION = YES;
				CLANG_WARN_COMMA = YES;
				CLANG_WARN_CONSTANT_CONVERSION = YES;
				CLANG_WARN_DEPRECATED_OBJC_IMPLEMENTATIONS = YES;
				CLANG_WARN_DIRECT_OBJC_ISA_USAGE = YES_ERROR;
				CLANG_WARN_DOCUMENTATION_COMMENTS = YES;
				CLANG_WARN_EMPTY_BODY = YES;
				CLANG_WARN_ENUM_CONVERSION = YES;
				CLANG_WARN_INFINITE_RECURSION = YES;
				CLANG_WARN_INT_CONVERSION = YES;
				CLANG_WARN_NON_LITERAL_NULL_CONVERSION = YES;
				CLANG_WARN_OBJC_IMPLICIT_RETAIN_SELF = YES;
				CLANG_WARN_OBJC_LITERAL_CONVERSION = YES;
				CLANG_WARN_OBJC_ROOT_CLASS = YES_ERROR;
				CLANG_WARN_QUOTED_INCLUDE_IN_FRAMEWORK_HEADER = YES;
				CLANG_WARN_RANGE_LOOP_ANALYSIS = YES;
				CLANG_WARN_STRICT_PROTOTYPES = YES;
				CLANG_WARN_SUSPICIOUS_MOVE = YES;
				CLANG_WARN_UNGUARDED_AVAILABILITY = YES_AGGRESSIVE;
				CLANG_WARN_UNREACHABLE_CODE = YES;
				CLANG_WARN__DUPLICATE_METHOD_MATCH = YES;
				COPY_PHASE_STRIP = NO;
				DEBUG_INFORMATION_FORMAT = dwarf;
				ENABLE_STRICT_OBJC_MSGSEND = YES;
				ENABLE_TESTABILITY = YES;
				GCC_C_LANGUAGE_STANDARD = gnu11;
				GCC_DYNAMIC_NO_PIC = NO;
				GCC_NO_COMMON_BLOCKS = YES;
				GCC_OPTIMIZATION_LEVEL = 0;
				GCC_PREPROCESSOR_DEFINITIONS = (
					"DEBUG=1",
					"$(inherited)",
				);
				GCC_WARN_64_TO_32_BIT_CONVERSION = YES;
				GCC_WARN_ABOUT_RETURN_TYPE = YES_ERROR;
				GCC_WARN_UNDECLARED_SELECTOR = YES;
				GCC_WARN_UNINITIALIZED_AUTOS = YES_AGGRESSIVE;
				GCC_WARN_UNUSED_FUNCTION = YES;
				GCC_WARN_UNUSED_VARIABLE = YES;
				IPHONEOS_DEPLOYMENT_TARGET = 14.4;
				MTL_ENABLE_DEBUG_INFO = INCLUDE_SOURCE;
				MTL_FAST_MATH = YES;
				ONLY_ACTIVE_ARCH = YES;
				SDKROOT = iphoneos;
				SWIFT_ACTIVE_COMPILATION_CONDITIONS = DEBUG;
				SWIFT_OPTIMIZATION_LEVEL = "-Onone";
			};
			name = Debug;
		};
		3577B15127EC416C00E42118 /* Release */ = {
			isa = XCBuildConfiguration;
			buildSettings = {
				ALWAYS_SEARCH_USER_PATHS = NO;
				CLANG_ANALYZER_NONNULL = YES;
				CLANG_ANALYZER_NUMBER_OBJECT_CONVERSION = YES_AGGRESSIVE;
				CLANG_CXX_LANGUAGE_STANDARD = "gnu++14";
				CLANG_CXX_LIBRARY = "libc++";
				CLANG_ENABLE_MODULES = YES;
				CLANG_ENABLE_OBJC_ARC = YES;
				CLANG_ENABLE_OBJC_WEAK = YES;
				CLANG_WARN_BLOCK_CAPTURE_AUTORELEASING = YES;
				CLANG_WARN_BOOL_CONVERSION = YES;
				CLANG_WARN_COMMA = YES;
				CLANG_WARN_CONSTANT_CONVERSION = YES;
				CLANG_WARN_DEPRECATED_OBJC_IMPLEMENTATIONS = YES;
				CLANG_WARN_DIRECT_OBJC_ISA_USAGE = YES_ERROR;
				CLANG_WARN_DOCUMENTATION_COMMENTS = YES;
				CLANG_WARN_EMPTY_BODY = YES;
				CLANG_WARN_ENUM_CONVERSION = YES;
				CLANG_WARN_INFINITE_RECURSION = YES;
				CLANG_WARN_INT_CONVERSION = YES;
				CLANG_WARN_NON_LITERAL_NULL_CONVERSION = YES;
				CLANG_WARN_OBJC_IMPLICIT_RETAIN_SELF = YES;
				CLANG_WARN_OBJC_LITERAL_CONVERSION = YES;
				CLANG_WARN_OBJC_ROOT_CLASS = YES_ERROR;
				CLANG_WARN_QUOTED_INCLUDE_IN_FRAMEWORK_HEADER = YES;
				CLANG_WARN_RANGE_LOOP_ANALYSIS = YES;
				CLANG_WARN_STRICT_PROTOTYPES = YES;
				CLANG_WARN_SUSPICIOUS_MOVE = YES;
				CLANG_WARN_UNGUARDED_AVAILABILITY = YES_AGGRESSIVE;
				CLANG_WARN_UNREACHABLE_CODE = YES;
				CLANG_WARN__DUPLICATE_METHOD_MATCH = YES;
				COPY_PHASE_STRIP = NO;
				DEBUG_INFORMATION_FORMAT = "dwarf-with-dsym";
				ENABLE_NS_ASSERTIONS = NO;
				ENABLE_STRICT_OBJC_MSGSEND = YES;
				GCC_C_LANGUAGE_STANDARD = gnu11;
				GCC_NO_COMMON_BLOCKS = YES;
				GCC_WARN_64_TO_32_BIT_CONVERSION = YES;
				GCC_WARN_ABOUT_RETURN_TYPE = YES_ERROR;
				GCC_WARN_UNDECLARED_SELECTOR = YES;
				GCC_WARN_UNINITIALIZED_AUTOS = YES_AGGRESSIVE;
				GCC_WARN_UNUSED_FUNCTION = YES;
				GCC_WARN_UNUSED_VARIABLE = YES;
				IPHONEOS_DEPLOYMENT_TARGET = 14.4;
				MTL_ENABLE_DEBUG_INFO = NO;
				MTL_FAST_MATH = YES;
				SDKROOT = iphoneos;
				SWIFT_COMPILATION_MODE = wholemodule;
				SWIFT_OPTIMIZATION_LEVEL = "-O";
				VALIDATE_PRODUCT = YES;
			};
			name = Release;
		};
		3577B15327EC416C00E42118 /* Debug */ = {
			isa = XCBuildConfiguration;
			buildSettings = {
				ASSETCATALOG_COMPILER_APPICON_NAME = AppIcon;
				ASSETCATALOG_COMPILER_GLOBAL_ACCENT_COLOR_NAME = AccentColor;
				CODE_SIGN_STYLE = Automatic;
				DEVELOPMENT_TEAM = KBWZGWH625;
				INFOPLIST_FILE = "ToDoList-MVC, MVVM, MVP, VIPER, Clean Swift/Info.plist";
				LD_RUNPATH_SEARCH_PATHS = (
					"$(inherited)",
					"@executable_path/Frameworks",
				);
				PRODUCT_BUNDLE_IDENTIFIER = "ru.badmain.ToDoList-MVC--MVVM--MVP--VIPER--Clean-Swift";
				PRODUCT_NAME = "$(TARGET_NAME)";
				SWIFT_VERSION = 5.0;
				TARGETED_DEVICE_FAMILY = "1,2";
			};
			name = Debug;
		};
		3577B15427EC416C00E42118 /* Release */ = {
			isa = XCBuildConfiguration;
			buildSettings = {
				ASSETCATALOG_COMPILER_APPICON_NAME = AppIcon;
				ASSETCATALOG_COMPILER_GLOBAL_ACCENT_COLOR_NAME = AccentColor;
				CODE_SIGN_STYLE = Automatic;
				DEVELOPMENT_TEAM = KBWZGWH625;
				INFOPLIST_FILE = "ToDoList-MVC, MVVM, MVP, VIPER, Clean Swift/Info.plist";
				LD_RUNPATH_SEARCH_PATHS = (
					"$(inherited)",
					"@executable_path/Frameworks",
				);
				PRODUCT_BUNDLE_IDENTIFIER = "ru.badmain.ToDoList-MVC--MVVM--MVP--VIPER--Clean-Swift";
				PRODUCT_NAME = "$(TARGET_NAME)";
				SWIFT_VERSION = 5.0;
				TARGETED_DEVICE_FAMILY = "1,2";
			};
			name = Release;
		};
/* End XCBuildConfiguration section */

/* Begin XCConfigurationList section */
		3577B13927EC416100E42118 /* Build configuration list for PBXProject "ToDoList-MVC, MVVM, MVP, VIPER, Clean Swift" */ = {
			isa = XCConfigurationList;
			buildConfigurations = (
				3577B15027EC416C00E42118 /* Debug */,
				3577B15127EC416C00E42118 /* Release */,
			);
			defaultConfigurationIsVisible = 0;
			defaultConfigurationName = Release;
		};
		3577B15227EC416C00E42118 /* Build configuration list for PBXNativeTarget "ToDoList-MVC, MVVM, MVP, VIPER, Clean Swift" */ = {
			isa = XCConfigurationList;
			buildConfigurations = (
				3577B15327EC416C00E42118 /* Debug */,
				3577B15427EC416C00E42118 /* Release */,
			);
			defaultConfigurationIsVisible = 0;
			defaultConfigurationName = Release;
		};
/* End XCConfigurationList section */
	};
	rootObject = 3577B13627EC416100E42118 /* Project object */;
}
